
Microsoft Visual Studio Solution File, Format Version 12.00
# Visual Studio Version 16
VisualStudioVersion = 16.0.30128.74
MinimumVisualStudioVersion = 10.0.40219.1
Project("{FAE04EC0-301F-11D3-BF4B-00C04F79EFBC}") = "Sokoban-en-consola", "Sokoban-en-consola\Sokoban-en-consola.csproj", "{32D31AF8-28E9-4E52-B33E-21AD51E469CA}"
EndProject
Global
	GlobalSection(SolutionConfigurationPlatforms) = preSolution
		Debug|Any CPU = Debug|Any CPU
		Release|Any CPU = Release|Any CPU
	EndGlobalSection
	GlobalSection(ProjectConfigurationPlatforms) = postSolution
		{32D31AF8-28E9-4E52-B33E-21AD51E469CA}.Debug|Any CPU.ActiveCfg = Debug|Any CPU
		{32D31AF8-28E9-4E52-B33E-21AD51E469CA}.Debug|Any CPU.Build.0 = Debug|Any CPU
		{32D31AF8-28E9-4E52-B33E-21AD51E469CA}.Release|Any CPU.ActiveCfg = Release|Any CPU
		{32D31AF8-28E9-4E52-B33E-21AD51E469CA}.Release|Any CPU.Build.0 = Release|Any CPU
	EndGlobalSection
	GlobalSection(SolutionProperties) = preSolution
		HideSolutionNode = FALSE
	EndGlobalSection
	GlobalSection(ExtensibilityGlobals) = postSolution
		SolutionGuid = {0805E849-E6C9-4965-AA12-177574D91458}
	EndGlobalSection
EndGlobal
